
Microsoft Visual Studio Solution File, Format Version 12.00
# Visual Studio Version 17
VisualStudioVersion = 17.14.36414.22 d17.14
MinimumVisualStudioVersion = 10.0.40219.1
Project("{FAE04EC0-301F-11D3-BF4B-00C04F79EFBC}") = "MauiDemoDataBinding", "MauiDemoDataBinding.csproj", "{6DEE6C2A-6F64-4715-8A2F-FB4111F6848E}"
EndProject
Global
	GlobalSection(SolutionConfigurationPlatforms) = preSolution
		Debug|Any CPU = Debug|Any CPU
		Release|Any CPU = Release|Any CPU
	EndGlobalSection
	GlobalSection(ProjectConfigurationPlatforms) = postSolution
		{6DEE6C2A-6F64-4715-8A2F-FB4111F6848E}.Debug|Any CPU.ActiveCfg = Debug|Any CPU
		{6DEE6C2A-6F64-4715-8A2F-FB4111F6848E}.Debug|Any CPU.Build.0 = Debug|Any CPU
		{6DEE6C2A-6F64-4715-8A2F-FB4111F6848E}.Debug|Any CPU.Deploy.0 = Debug|Any CPU
		{6DEE6C2A-6F64-4715-8A2F-FB4111F6848E}.Release|Any CPU.ActiveCfg = Release|Any CPU
		{6DEE6C2A-6F64-4715-8A2F-FB4111F6848E}.Release|Any CPU.Build.0 = Release|Any CPU
		{6DEE6C2A-6F64-4715-8A2F-FB4111F6848E}.Release|Any CPU.Deploy.0 = Release|Any CPU
	EndGlobalSection
	GlobalSection(SolutionProperties) = preSolution
		HideSolutionNode = FALSE
	EndGlobalSection
	GlobalSection(ExtensibilityGlobals) = postSolution
		SolutionGuid = {BA6B4693-BF7C-49A8-A944-DCC799D82C38}
	EndGlobalSection
EndGlobal
