
Microsoft Visual Studio Solution File, Format Version 12.00
# Visual Studio Version 17
VisualStudioVersion = 17.12.35707.178 d17.12
MinimumVisualStudioVersion = 10.0.40219.1
Project("{FAE04EC0-301F-11D3-BF4B-00C04F79EFBC}") = "AppLanches", "AppLanches.csproj", "{7CBF83A1-0416-44FE-9277-C24DC9D350C2}"
EndProject
Global
	GlobalSection(SolutionConfigurationPlatforms) = preSolution
		Debug|Any CPU = Debug|Any CPU
		Release|Any CPU = Release|Any CPU
	EndGlobalSection
	GlobalSection(ProjectConfigurationPlatforms) = postSolution
		{7CBF83A1-0416-44FE-9277-C24DC9D350C2}.Debug|Any CPU.ActiveCfg = Debug|Any CPU
		{7CBF83A1-0416-44FE-9277-C24DC9D350C2}.Debug|Any CPU.Build.0 = Debug|Any CPU
		{7CBF83A1-0416-44FE-9277-C24DC9D350C2}.Debug|Any CPU.Deploy.0 = Debug|Any CPU
		{7CBF83A1-0416-44FE-9277-C24DC9D350C2}.Release|Any CPU.ActiveCfg = Release|Any CPU
		{7CBF83A1-0416-44FE-9277-C24DC9D350C2}.Release|Any CPU.Build.0 = Release|Any CPU
		{7CBF83A1-0416-44FE-9277-C24DC9D350C2}.Release|Any CPU.Deploy.0 = Release|Any CPU
	EndGlobalSection
	GlobalSection(SolutionProperties) = preSolution
		HideSolutionNode = FALSE
	EndGlobalSection
EndGlobal
